
Microsoft Visual Studio Solution File, Format Version 12.00
# Visual Studio Version 17
VisualStudioVersion = 17.13.35931.197 d17.13
MinimumVisualStudioVersion = 10.0.40219.1
Project("{FAE04EC0-301F-11D3-BF4B-00C04F79EFBC}") = "CreatioHelper", "CreatioHelper\CreatioHelper.csproj", "{81AF94F7-471A-00F2-063F-F21154B456F1}"
EndProject
Project("{FAE04EC0-301F-11D3-BF4B-00C04F79EFBC}") = "CreatioHelper.Core", "CreatioHelper.Core\CreatioHelper.Core.csproj", "{B082318C-E657-A64C-DA45-2ED3A2D21905}"
EndProject
Project("{FAE04EC0-301F-11D3-BF4B-00C04F79EFBC}") = "CreatioHelper.Agent", "CreatioHelper.Agent\CreatioHelper.Agent.csproj", "{0CCA0104-0B31-407F-A0C9-68F91000938D}"
EndProject
Project("{FAE04EC0-301F-11D3-BF4B-00C04F79EFBC}") = "CreatioHelper.Agent.Tests", "CreatioHelper.Agent.Tests\CreatioHelper.Agent.Tests.csproj", "{22614D97-628E-4048-82A2-13F6A1056002}"
EndProject
Global
	GlobalSection(SolutionConfigurationPlatforms) = preSolution
		Debug|Any CPU = Debug|Any CPU
		Release|Any CPU = Release|Any CPU
	EndGlobalSection
	GlobalSection(ProjectConfigurationPlatforms) = postSolution
		{81AF94F7-471A-00F2-063F-F21154B456F1}.Debug|Any CPU.ActiveCfg = Debug|Any CPU
		{81AF94F7-471A-00F2-063F-F21154B456F1}.Debug|Any CPU.Build.0 = Debug|Any CPU
		{81AF94F7-471A-00F2-063F-F21154B456F1}.Release|Any CPU.ActiveCfg = Release|Any CPU
		{81AF94F7-471A-00F2-063F-F21154B456F1}.Release|Any CPU.Build.0 = Release|Any CPU
		{B082318C-E657-A64C-DA45-2ED3A2D21905}.Debug|Any CPU.ActiveCfg = Debug|Any CPU
		{B082318C-E657-A64C-DA45-2ED3A2D21905}.Debug|Any CPU.Build.0 = Debug|Any CPU
		{B082318C-E657-A64C-DA45-2ED3A2D21905}.Release|Any CPU.ActiveCfg = Release|Any CPU
		{B082318C-E657-A64C-DA45-2ED3A2D21905}.Release|Any CPU.Build.0 = Release|Any CPU
		{0CCA0104-0B31-407F-A0C9-68F91000938D}.Debug|Any CPU.ActiveCfg = Debug|Any CPU
		{0CCA0104-0B31-407F-A0C9-68F91000938D}.Debug|Any CPU.Build.0 = Debug|Any CPU
		{0CCA0104-0B31-407F-A0C9-68F91000938D}.Release|Any CPU.ActiveCfg = Release|Any CPU
		{0CCA0104-0B31-407F-A0C9-68F91000938D}.Release|Any CPU.Build.0 = Release|Any CPU
		{22614D97-628E-4048-82A2-13F6A1056002}.Debug|Any CPU.ActiveCfg = Debug|Any CPU
		{22614D97-628E-4048-82A2-13F6A1056002}.Debug|Any CPU.Build.0 = Debug|Any CPU
		{22614D97-628E-4048-82A2-13F6A1056002}.Release|Any CPU.ActiveCfg = Release|Any CPU
		{22614D97-628E-4048-82A2-13F6A1056002}.Release|Any CPU.Build.0 = Release|Any CPU
	EndGlobalSection
	GlobalSection(SolutionProperties) = preSolution
		HideSolutionNode = FALSE
	EndGlobalSection
	GlobalSection(ExtensibilityGlobals) = postSolution
		SolutionGuid = {A2F43AA4-6572-4C42-B8DC-AD1851933983}
	EndGlobalSection
EndGlobal
